// !$*UTF8*$!
{
	archiveVersion = 1;
	classes = {
	};
	objectVersion = 48;
	objects = {

/* Begin PBXBuildFile section */
		A205443C219058430057A42E /* AppDelegate.swift in Sources */ = {isa = PBXBuildFile; fileRef = A205443B219058430057A42E /* AppDelegate.swift */; };
		A2054441219058430057A42E /* Main.storyboard in Resources */ = {isa = PBXBuildFile; fileRef = A205443F219058430057A42E /* Main.storyboard */; };
		A2054443219058430057A42E /* Assets.xcassets in Resources */ = {isa = PBXBuildFile; fileRef = A2054442219058430057A42E /* Assets.xcassets */; };
		A2054446219058430057A42E /* LaunchScreen.storyboard in Resources */ = {isa = PBXBuildFile; fileRef = A2054444219058430057A42E /* LaunchScreen.storyboard */; };
		A205444E21905A8B0057A42E /* EventTableViewCell.xib in Resources */ = {isa = PBXBuildFile; fileRef = A205444D21905A8B0057A42E /* EventTableViewCell.xib */; };
		A205445221905C980057A42E /* EventTableViewCell.swift in Sources */ = {isa = PBXBuildFile; fileRef = A205445121905C980057A42E /* EventTableViewCell.swift */; };
		A245E9DB219071F600513234 /* NewEventTableViewController.swift in Sources */ = {isa = PBXBuildFile; fileRef = A245E9DA219071F600513234 /* NewEventTableViewController.swift */; };
		A245E9DD2190768E00513234 /* ApiResponse.swift in Sources */ = {isa = PBXBuildFile; fileRef = A245E9DC2190768E00513234 /* ApiResponse.swift */; };
		A29602C221931384009410C6 /* GoogleService-Info.plist in Resources */ = {isa = PBXBuildFile; fileRef = A29602C121931384009410C6 /* GoogleService-Info.plist */; };
		A2D1E2A521905F2300627B60 /* EventsTableViewController.swift in Sources */ = {isa = PBXBuildFile; fileRef = A2D1E2A421905F2300627B60 /* EventsTableViewController.swift */; };
		A2D1E2A72190636900627B60 /* Event.swift in Sources */ = {isa = PBXBuildFile; fileRef = A2D1E2A62190636900627B60 /* Event.swift */; };
		D6573135D49191A11CFCCF43 /* Pods_ckcc.framework in Frameworks */ = {isa = PBXBuildFile; fileRef = A9D5A2D7E62EA0C774ABDAF2 /* Pods_ckcc.framework */; };
/* End PBXBuildFile section */

/* Begin PBXFileReference section */
		36E5C9E1238E6F36A2E06EF1 /* Pods-ckcc.release.xcconfig */ = {isa = PBXFileReference; includeInIndex = 1; lastKnownFileType = text.xcconfig; name = "Pods-ckcc.release.xcconfig"; path = "Pods/Target Support Files/Pods-ckcc/Pods-ckcc.release.xcconfig"; sourceTree = "<group>"; };
		45757F6ACC0C78A2E8E585A6 /* Pods-ckcc.debug.xcconfig */ = {isa = PBXFileReference; includeInIndex = 1; lastKnownFileType = text.xcconfig; name = "Pods-ckcc.debug.xcconfig"; path = "Pods/Target Support Files/Pods-ckcc/Pods-ckcc.debug.xcconfig"; sourceTree = "<group>"; };
		A2054438219058430057A42E /* ckcc.app */ = {isa = PBXFileReference; explicitFileType = wrapper.application; includeInIndex = 0; path = ckcc.app; sourceTree = BUILT_PRODUCTS_DIR; };
		A205443B219058430057A42E /* AppDelegate.swift */ = {isa = PBXFileReference; lastKnownFileType = sourcecode.swift; path = AppDelegate.swift; sourceTree = "<group>"; };
		A2054440219058430057A42E /* Base */ = {isa = PBXFileReference; lastKnownFileType = file.storyboard; name = Base; path = Base.lproj/Main.storyboard; sourceTree = "<group>"; };
		A2054442219058430057A42E /* Assets.xcassets */ = {isa = PBXFileReference; lastKnownFileType = folder.assetcatalog; path = Assets.xcassets; sourceTree = "<group>"; };
		A2054445219058430057A42E /* Base */ = {isa = PBXFileReference; lastKnownFileType = file.storyboard; name = Base; path = Base.lproj/LaunchScreen.storyboard; sourceTree = "<group>"; };
		A2054447219058430057A42E /* Info.plist */ = {isa = PBXFileReference; lastKnownFileType = text.plist.xml; path = Info.plist; sourceTree = "<group>"; };
		A205444D21905A8B0057A42E /* EventTableViewCell.xib */ = {isa = PBXFileReference; lastKnownFileType = file.xib; path = EventTableViewCell.xib; sourceTree = "<group>"; };
		A205445121905C980057A42E /* EventTableViewCell.swift */ = {isa = PBXFileReference; lastKnownFileType = sourcecode.swift; path = EventTableViewCell.swift; sourceTree = "<group>"; };
		A245E9DA219071F600513234 /* NewEventTableViewController.swift */ = {isa = PBXFileReference; lastKnownFileType = sourcecode.swift; path = NewEventTableViewController.swift; sourceTree = "<group>"; };
		A245E9DC2190768E00513234 /* ApiResponse.swift */ = {isa = PBXFileReference; lastKnownFileType = sourcecode.swift; path = ApiResponse.swift; sourceTree = "<group>"; };
		A29602C121931384009410C6 /* GoogleService-Info.plist */ = {isa = PBXFileReference; fileEncoding = 4; lastKnownFileType = text.plist.xml; path = "GoogleService-Info.plist"; sourceTree = "<group>"; };
		A2D1E2A421905F2300627B60 /* EventsTableViewController.swift */ = {isa = PBXFileReference; lastKnownFileType = sourcecode.swift; path = EventsTableViewController.swift; sourceTree = "<group>"; };
		A2D1E2A62190636900627B60 /* Event.swift */ = {isa = PBXFileReference; lastKnownFileType = sourcecode.swift; path = Event.swift; sourceTree = "<group>"; };
		A9D5A2D7E62EA0C774ABDAF2 /* Pods_ckcc.framework */ = {isa = PBXFileReference; explicitFileType = wrapper.framework; includeInIndex = 0; path = Pods_ckcc.framework; sourceTree = BUILT_PRODUCTS_DIR; };
/* End PBXFileReference section */

/* Begin PBXFrameworksBuildPhase section */
		A2054435219058420057A42E /* Frameworks */ = {
			isa = PBXFrameworksBuildPhase;
			buildActionMask = 2147483647;
			files = (
				D6573135D49191A11CFCCF43 /* Pods_ckcc.framework in Frameworks */,
			);
			runOnlyForDeploymentPostprocessing = 0;
		};
/* End PBXFrameworksBuildPhase section */

/* Begin PBXGroup section */
		84DE0B391381990C62D40AFC /* Frameworks */ = {
			isa = PBXGroup;
			children = (
				A9D5A2D7E62EA0C774ABDAF2 /* Pods_ckcc.framework */,
			);
			name = Frameworks;
			sourceTree = "<group>";
		};
		9B7C80AD1EC47BA547DC81D1 /* Pods */ = {
			isa = PBXGroup;
			children = (
				45757F6ACC0C78A2E8E585A6 /* Pods-ckcc.debug.xcconfig */,
				36E5C9E1238E6F36A2E06EF1 /* Pods-ckcc.release.xcconfig */,
			);
			name = Pods;
			sourceTree = "<group>";
		};
		A205442F219058420057A42E = {
			isa = PBXGroup;
			children = (
				A205443A219058430057A42E /* ckcc */,
				A2054439219058430057A42E /* Products */,
				9B7C80AD1EC47BA547DC81D1 /* Pods */,
				84DE0B391381990C62D40AFC /* Frameworks */,
			);
			sourceTree = "<group>";
		};
		A2054439219058430057A42E /* Products */ = {
			isa = PBXGroup;
			children = (
				A2054438219058430057A42E /* ckcc.app */,
			);
			name = Products;
			sourceTree = "<group>";
		};
		A205443A219058430057A42E /* ckcc */ = {
			isa = PBXGroup;
			children = (
				A29602C121931384009410C6 /* GoogleService-Info.plist */,
				A205443B219058430057A42E /* AppDelegate.swift */,
				A205443F219058430057A42E /* Main.storyboard */,
				A2054442219058430057A42E /* Assets.xcassets */,
				A2054444219058430057A42E /* LaunchScreen.storyboard */,
				A2054447219058430057A42E /* Info.plist */,
				A205444D21905A8B0057A42E /* EventTableViewCell.xib */,
				A205445121905C980057A42E /* EventTableViewCell.swift */,
				A2D1E2A421905F2300627B60 /* EventsTableViewController.swift */,
				A2D1E2A62190636900627B60 /* Event.swift */,
				A245E9DA219071F600513234 /* NewEventTableViewController.swift */,
				A245E9DC2190768E00513234 /* ApiResponse.swift */,
			);
			path = ckcc;
			sourceTree = "<group>";
		};
/* End PBXGroup section */

/* Begin PBXNativeTarget section */
		A2054437219058420057A42E /* ckcc */ = {
			isa = PBXNativeTarget;
			buildConfigurationList = A205444A219058430057A42E /* Build configuration list for PBXNativeTarget "ckcc" */;
			buildPhases = (
				30C505BD4668FB7FABEAD5BA /* [CP] Check Pods Manifest.lock */,
				A2054434219058420057A42E /* Sources */,
				A2054435219058420057A42E /* Frameworks */,
				A2054436219058420057A42E /* Resources */,
				1A35B49F5FAD00608F2BA53A /* [CP] Embed Pods Frameworks */,
			);
			buildRules = (
			);
			dependencies = (
			);
			name = ckcc;
			productName = ckcc;
			productReference = A2054438219058430057A42E /* ckcc.app */;
			productType = "com.apple.product-type.application";
		};
/* End PBXNativeTarget section */

/* Begin PBXProject section */
		A2054430219058420057A42E /* Project object */ = {
			isa = PBXProject;
			attributes = {
				LastSwiftUpdateCheck = 0920;
				LastUpgradeCheck = 0920;
				ORGANIZATIONNAME = "Cambodia-Korea Cooperation Center";
				TargetAttributes = {
					A2054437219058420057A42E = {
						CreatedOnToolsVersion = 9.2;
						ProvisioningStyle = Automatic;
					};
				};
			};
			buildConfigurationList = A2054433219058420057A42E /* Build configuration list for PBXProject "ckcc" */;
			compatibilityVersion = "Xcode 8.0";
			developmentRegion = en;
			hasScannedForEncodings = 0;
			knownRegions = (
				en,
				Base,
			);
			mainGroup = A205442F219058420057A42E;
			productRefGroup = A2054439219058430057A42E /* Products */;
			projectDirPath = "";
			projectRoot = "";
			targets = (
				A2054437219058420057A42E /* ckcc */,
			);
		};
/* End PBXProject section */

/* Begin PBXResourcesBuildPhase section */
		A2054436219058420057A42E /* Resources */ = {
			isa = PBXResourcesBuildPhase;
			buildActionMask = 2147483647;
			files = (
				A205444E21905A8B0057A42E /* EventTableViewCell.xib in Resources */,
				A2054446219058430057A42E /* LaunchScreen.storyboard in Resources */,
				A29602C221931384009410C6 /* GoogleService-Info.plist in Resources */,
				A2054443219058430057A42E /* Assets.xcassets in Resources */,
				A2054441219058430057A42E /* Main.storyboard in Resources */,
			);
			runOnlyForDeploymentPostprocessing = 0;
		};
/* End PBXResourcesBuildPhase section */

/* Begin PBXShellScriptBuildPhase section */
		1A35B49F5FAD00608F2BA53A /* [CP] Embed Pods Frameworks */ = {
			isa = PBXShellScriptBuildPhase;
			buildActionMask = 2147483647;
			files = (
			);
			inputPaths = (
				"${SRCROOT}/Pods/Target Support Files/Pods-ckcc/Pods-ckcc-frameworks.sh",
				"${BUILT_PRODUCTS_DIR}/BoringSSL/openssl.framework",
				"${BUILT_PRODUCTS_DIR}/GTMSessionFetcher/GTMSessionFetcher.framework",
				"${BUILT_PRODUCTS_DIR}/GoogleUtilities/GoogleUtilities.framework",
				"${BUILT_PRODUCTS_DIR}/Protobuf/Protobuf.framework",
				"${BUILT_PRODUCTS_DIR}/SDWebImage/SDWebImage.framework",
				"${BUILT_PRODUCTS_DIR}/gRPC/GRPCClient.framework",
				"${BUILT_PRODUCTS_DIR}/gRPC-Core/grpc.framework",
				"${BUILT_PRODUCTS_DIR}/gRPC-ProtoRPC/ProtoRPC.framework",
				"${BUILT_PRODUCTS_DIR}/gRPC-RxLibrary/RxLibrary.framework",
				"${BUILT_PRODUCTS_DIR}/leveldb-library/leveldb.framework",
				"${BUILT_PRODUCTS_DIR}/nanopb/nanopb.framework",
			);
			name = "[CP] Embed Pods Frameworks";
			outputPaths = (
				"${TARGET_BUILD_DIR}/${FRAMEWORKS_FOLDER_PATH}/openssl.framework",
				"${TARGET_BUILD_DIR}/${FRAMEWORKS_FOLDER_PATH}/GTMSessionFetcher.framework",
				"${TARGET_BUILD_DIR}/${FRAMEWORKS_FOLDER_PATH}/GoogleUtilities.framework",
				"${TARGET_BUILD_DIR}/${FRAMEWORKS_FOLDER_PATH}/Protobuf.framework",
				"${TARGET_BUILD_DIR}/${FRAMEWORKS_FOLDER_PATH}/SDWebImage.framework",
				"${TARGET_BUILD_DIR}/${FRAMEWORKS_FOLDER_PATH}/GRPCClient.framework",
				"${TARGET_BUILD_DIR}/${FRAMEWORKS_FOLDER_PATH}/grpc.framework",
				"${TARGET_BUILD_DIR}/${FRAMEWORKS_FOLDER_PATH}/ProtoRPC.framework",
				"${TARGET_BUILD_DIR}/${FRAMEWORKS_FOLDER_PATH}/RxLibrary.framework",
				"${TARGET_BUILD_DIR}/${FRAMEWORKS_FOLDER_PATH}/leveldb.framework",
				"${TARGET_BUILD_DIR}/${FRAMEWORKS_FOLDER_PATH}/nanopb.framework",
			);
			runOnlyForDeploymentPostprocessing = 0;
			shellPath = /bin/sh;
			shellScript = "\"${SRCROOT}/Pods/Target Support Files/Pods-ckcc/Pods-ckcc-frameworks.sh\"\n";
			showEnvVarsInLog = 0;
		};
		30C505BD4668FB7FABEAD5BA /* [CP] Check Pods Manifest.lock */ = {
			isa = PBXShellScriptBuildPhase;
			buildActionMask = 2147483647;
			files = (
			);
			inputPaths = (
				"${PODS_PODFILE_DIR_PATH}/Podfile.lock",
				"${PODS_ROOT}/Manifest.lock",
			);
			name = "[CP] Check Pods Manifest.lock";
			outputPaths = (
				"$(DERIVED_FILE_DIR)/Pods-ckcc-checkManifestLockResult.txt",
			);
			runOnlyForDeploymentPostprocessing = 0;
			shellPath = /bin/sh;
			shellScript = "diff \"${PODS_PODFILE_DIR_PATH}/Podfile.lock\" \"${PODS_ROOT}/Manifest.lock\" > /dev/null\nif [ $? != 0 ] ; then\n    # print error to STDERR\n    echo \"error: The sandbox is not in sync with the Podfile.lock. Run 'pod install' or update your CocoaPods installation.\" >&2\n    exit 1\nfi\n# This output is used by Xcode 'outputs' to avoid re-running this script phase.\necho \"SUCCESS\" > \"${SCRIPT_OUTPUT_FILE_0}\"\n";
			showEnvVarsInLog = 0;
		};
/* End PBXShellScriptBuildPhase section */

/* Begin PBXSourcesBuildPhase section */
		A2054434219058420057A42E /* Sources */ = {
			isa = PBXSourcesBuildPhase;
			buildActionMask = 2147483647;
			files = (
				A245E9DB219071F600513234 /* NewEventTableViewController.swift in Sources */,
				A2D1E2A72190636900627B60 /* Event.swift in Sources */,
				A205445221905C980057A42E /* EventTableViewCell.swift in Sources */,
				A245E9DD2190768E00513234 /* ApiResponse.swift in Sources */,
				A205443C219058430057A42E /* AppDelegate.swift in Sources */,
				A2D1E2A521905F2300627B60 /* EventsTableViewController.swift in Sources */,
			);
			runOnlyForDeploymentPostprocessing = 0;
		};
/* End PBXSourcesBuildPhase section */

/* Begin PBXVariantGroup section */
		A205443F219058430057A42E /* Main.storyboard */ = {
			isa = PBXVariantGroup;
			children = (
				A2054440219058430057A42E /* Base */,
			);
			name = Main.storyboard;
			sourceTree = "<group>";
		};
		A2054444219058430057A42E /* LaunchScreen.storyboard */ = {
			isa = PBXVariantGroup;
			children = (
				A2054445219058430057A42E /* Base */,
			);
			name = LaunchScreen.storyboard;
			sourceTree = "<group>";
		};
/* End PBXVariantGroup section */

/* Begin XCBuildConfiguration section */
		A2054448219058430057A42E /* Debug */ = {
			isa = XCBuildConfiguration;
			buildSettings = {
				ALWAYS_SEARCH_USER_PATHS = NO;
				CLANG_ANALYZER_NONNULL = YES;
				CLANG_ANALYZER_NUMBER_OBJECT_CONVERSION = YES_AGGRESSIVE;
				CLANG_CXX_LANGUAGE_STANDARD = "gnu++14";
				CLANG_CXX_LIBRARY = "libc++";
				CLANG_ENABLE_MODULES = YES;
				CLANG_ENABLE_OBJC_ARC = YES;
				CLANG_WARN_BLOCK_CAPTURE_AUTORELEASING = YES;
				CLANG_WARN_BOOL_CONVERSION = YES;
				CLANG_WARN_COMMA = YES;
				CLANG_WARN_CONSTANT_CONVERSION = YES;
				CLANG_WARN_DIRECT_OBJC_ISA_USAGE = YES_ERROR;
				CLANG_WARN_DOCUMENTATION_COMMENTS = YES;
				CLANG_WARN_EMPTY_BODY = YES;
				CLANG_WARN_ENUM_CONVERSION = YES;
				CLANG_WARN_INFINITE_RECURSION = YES;
				CLANG_WARN_INT_CONVERSION = YES;
				CLANG_WARN_NON_LITERAL_NULL_CONVERSION = YES;
				CLANG_WARN_OBJC_LITERAL_CONVERSION = YES;
				CLANG_WARN_OBJC_ROOT_CLASS = YES_ERROR;
				CLANG_WARN_RANGE_LOOP_ANALYSIS = YES;
				CLANG_WARN_STRICT_PROTOTYPES = YES;
				CLANG_WARN_SUSPICIOUS_MOVE = YES;
				CLANG_WARN_UNGUARDED_AVAILABILITY = YES_AGGRESSIVE;
				CLANG_WARN_UNREACHABLE_CODE = YES;
				CLANG_WARN__DUPLICATE_METHOD_MATCH = YES;
				CODE_SIGN_IDENTITY = "iPhone Developer";
				COPY_PHASE_STRIP = NO;
				DEBUG_INFORMATION_FORMAT = dwarf;
				ENABLE_STRICT_OBJC_MSGSEND = YES;
				ENABLE_TESTABILITY = YES;
				GCC_C_LANGUAGE_STANDARD = gnu11;
				GCC_DYNAMIC_NO_PIC = NO;
				GCC_NO_COMMON_BLOCKS = YES;
				GCC_OPTIMIZATION_LEVEL = 0;
				GCC_PREPROCESSOR_DEFINITIONS = (
					"DEBUG=1",
					"$(inherited)",
				);
				GCC_WARN_64_TO_32_BIT_CONVERSION = YES;
				GCC_WARN_ABOUT_RETURN_TYPE = YES_ERROR;
				GCC_WARN_UNDECLARED_SELECTOR = YES;
				GCC_WARN_UNINITIALIZED_AUTOS = YES_AGGRESSIVE;
				GCC_WARN_UNUSED_FUNCTION = YES;
				GCC_WARN_UNUSED_VARIABLE = YES;
				IPHONEOS_DEPLOYMENT_TARGET = 11.2;
				MTL_ENABLE_DEBUG_INFO = YES;
				ONLY_ACTIVE_ARCH = YES;
				SDKROOT = iphoneos;
				SWIFT_ACTIVE_COMPILATION_CONDITIONS = DEBUG;
				SWIFT_OPTIMIZATION_LEVEL = "-Onone";
			};
			name = Debug;
		};
		A2054449219058430057A42E /* Release */ = {
			isa = XCBuildConfiguration;
			buildSettings = {
				ALWAYS_SEARCH_USER_PATHS = NO;
				CLANG_ANALYZER_NONNULL = YES;
				CLANG_ANALYZER_NUMBER_OBJECT_CONVERSION = YES_AGGRESSIVE;
				CLANG_CXX_LANGUAGE_STANDARD = "gnu++14";
				CLANG_CXX_LIBRARY = "libc++";
				CLANG_ENABLE_MODULES = YES;
				CLANG_ENABLE_OBJC_ARC = YES;
				CLANG_WARN_BLOCK_CAPTURE_AUTORELEASING = YES;
				CLANG_WARN_BOOL_CONVERSION = YES;
				CLANG_WARN_COMMA = YES;
				CLANG_WARN_CONSTANT_CONVERSION = YES;
				CLANG_WARN_DIRECT_OBJC_ISA_USAGE = YES_ERROR;
				CLANG_WARN_DOCUMENTATION_COMMENTS = YES;
				CLANG_WARN_EMPTY_BODY = YES;
				CLANG_WARN_ENUM_CONVERSION = YES;
				CLANG_WARN_INFINITE_RECURSION = YES;
				CLANG_WARN_INT_CONVERSION = YES;
				CLANG_WARN_NON_LITERAL_NULL_CONVERSION = YES;
				CLANG_WARN_OBJC_LITERAL_CONVERSION = YES;
				CLANG_WARN_OBJC_ROOT_CLASS = YES_ERROR;
				CLANG_WARN_RANGE_LOOP_ANALYSIS = YES;
				CLANG_WARN_STRICT_PROTOTYPES = YES;
				CLANG_WARN_SUSPICIOUS_MOVE = YES;
				CLANG_WARN_UNGUARDED_AVAILABILITY = YES_AGGRESSIVE;
				CLANG_WARN_UNREACHABLE_CODE = YES;
				CLANG_WARN__DUPLICATE_METHOD_MATCH = YES;
				CODE_SIGN_IDENTITY = "iPhone Developer";
				COPY_PHASE_STRIP = NO;
				DEBUG_INFORMATION_FORMAT = "dwarf-with-dsym";
				ENABLE_NS_ASSERTIONS = NO;
				ENABLE_STRICT_OBJC_MSGSEND = YES;
				GCC_C_LANGUAGE_STANDARD = gnu11;
				GCC_NO_COMMON_BLOCKS = YES;
				GCC_WARN_64_TO_32_BIT_CONVERSION = YES;
				GCC_WARN_ABOUT_RETURN_TYPE = YES_ERROR;
				GCC_WARN_UNDECLARED_SELECTOR = YES;
				GCC_WARN_UNINITIALIZED_AUTOS = YES_AGGRESSIVE;
				GCC_WARN_UNUSED_FUNCTION = YES;
				GCC_WARN_UNUSED_VARIABLE = YES;
				IPHONEOS_DEPLOYMENT_TARGET = 11.2;
				MTL_ENABLE_DEBUG_INFO = NO;
				SDKROOT = iphoneos;
				SWIFT_OPTIMIZATION_LEVEL = "-Owholemodule";
				VALIDATE_PRODUCT = YES;
			};
			name = Release;
		};
		A205444B219058430057A42E /* Debug */ = {
			isa = XCBuildConfiguration;
			baseConfigurationReference = 45757F6ACC0C78A2E8E585A6 /* Pods-ckcc.debug.xcconfig */;
			buildSettings = {
				ASSETCATALOG_COMPILER_APPICON_NAME = AppIcon;
				CODE_SIGN_STYLE = Automatic;
				INFOPLIST_FILE = ckcc/Info.plist;
				LD_RUNPATH_SEARCH_PATHS = "$(inherited) @executable_path/Frameworks";
				PRODUCT_BUNDLE_IDENTIFIER = rupp.edu.kh.ckcc;
				PRODUCT_NAME = "$(TARGET_NAME)";
				SWIFT_VERSION = 4.0;
				TARGETED_DEVICE_FAMILY = "1,2";
			};
			name = Debug;
		};
		A205444C219058430057A42E /* Release */ = {
			isa = XCBuildConfiguration;
			baseConfigurationReference = 36E5C9E1238E6F36A2E06EF1 /* Pods-ckcc.release.xcconfig */;
			buildSettings = {
				ASSETCATALOG_COMPILER_APPICON_NAME = AppIcon;
				CODE_SIGN_STYLE = Automatic;
				INFOPLIST_FILE = ckcc/Info.plist;
				LD_RUNPATH_SEARCH_PATHS = "$(inherited) @executable_path/Frameworks";
				PRODUCT_BUNDLE_IDENTIFIER = rupp.edu.kh.ckcc;
				PRODUCT_NAME = "$(TARGET_NAME)";
				SWIFT_VERSION = 4.0;
				TARGETED_DEVICE_FAMILY = "1,2";
			};
			name = Release;
		};
/* End XCBuildConfiguration section */

/* Begin XCConfigurationList section */
		A2054433219058420057A42E /* Build configuration list for PBXProject "ckcc" */ = {
			isa = XCConfigurationList;
			buildConfigurations = (
				A2054448219058430057A42E /* Debug */,
				A2054449219058430057A42E /* Release */,
			);
			defaultConfigurationIsVisible = 0;
			defaultConfigurationName = Release;
		};
		A205444A219058430057A42E /* Build configuration list for PBXNativeTarget "ckcc" */ = {
			isa = XCConfigurationList;
			buildConfigurations = (
				A205444B219058430057A42E /* Debug */,
				A205444C219058430057A42E /* Release */,
			);
			defaultConfigurationIsVisible = 0;
			defaultConfigurationName = Release;
		};
/* End XCConfigurationList section */
	};
	rootObject = A2054430219058420057A42E /* Project object */;
}
