// !$*UTF8*$!
{
	archiveVersion = 1;
	classes = {
	};
	objectVersion = 48;
	objects = {

/* Begin PBXBuildFile section */
		9FE51640DB843C21BB9CC971 /* Pods_CKCCApp.framework in Frameworks */ = {isa = PBXBuildFile; fileRef = EDE9FBDC2D5C4990E3886926 /* Pods_CKCCApp.framework */; };
		A205374721AC0FA700432030 /* ContactViewController.swift in Sources */ = {isa = PBXBuildFile; fileRef = A205374621AC0FA700432030 /* ContactViewController.swift */; };
		A205374921AC103A00432030 /* MapViewController.swift in Sources */ = {isa = PBXBuildFile; fileRef = A205374821AC103A00432030 /* MapViewController.swift */; };
		A20C9D4A219993C0000F8DBC /* AppDelegate.swift in Sources */ = {isa = PBXBuildFile; fileRef = A20C9D49219993C0000F8DBC /* AppDelegate.swift */; };
		A20C9D4C219993C0000F8DBC /* ViewController.swift in Sources */ = {isa = PBXBuildFile; fileRef = A20C9D4B219993C0000F8DBC /* ViewController.swift */; };
		A20C9D4F219993C0000F8DBC /* Main.storyboard in Resources */ = {isa = PBXBuildFile; fileRef = A20C9D4D219993C0000F8DBC /* Main.storyboard */; };
		A20C9D51219993C0000F8DBC /* Assets.xcassets in Resources */ = {isa = PBXBuildFile; fileRef = A20C9D50219993C0000F8DBC /* Assets.xcassets */; };
		A20C9D54219993C0000F8DBC /* LaunchScreen.storyboard in Resources */ = {isa = PBXBuildFile; fileRef = A20C9D52219993C0000F8DBC /* LaunchScreen.storyboard */; };
		A20C9D5C2199943C000F8DBC /* GoogleService-Info.plist in Resources */ = {isa = PBXBuildFile; fileRef = A20C9D5B2199943C000F8DBC /* GoogleService-Info.plist */; };
		A20C9D5E2199981B000F8DBC /* EventTableViewCell.xib in Resources */ = {isa = PBXBuildFile; fileRef = A20C9D5D2199981B000F8DBC /* EventTableViewCell.xib */; };
		A20C9D6421999829000F8DBC /* ApiResponse.swift in Sources */ = {isa = PBXBuildFile; fileRef = A20C9D5F21999829000F8DBC /* ApiResponse.swift */; };
		A20C9D6521999829000F8DBC /* NewEventTableViewController.swift in Sources */ = {isa = PBXBuildFile; fileRef = A20C9D6021999829000F8DBC /* NewEventTableViewController.swift */; };
		A20C9D6621999829000F8DBC /* Event.swift in Sources */ = {isa = PBXBuildFile; fileRef = A20C9D6121999829000F8DBC /* Event.swift */; };
		A20C9D6721999829000F8DBC /* EventTableViewCell.swift in Sources */ = {isa = PBXBuildFile; fileRef = A20C9D6221999829000F8DBC /* EventTableViewCell.swift */; };
		A20C9D6821999829000F8DBC /* EventsTableViewController.swift in Sources */ = {isa = PBXBuildFile; fileRef = A20C9D6321999829000F8DBC /* EventsTableViewController.swift */; };
		A20C9D6A2199A928000F8DBC /* EventDetailViewController.swift in Sources */ = {isa = PBXBuildFile; fileRef = A20C9D692199A928000F8DBC /* EventDetailViewController.swift */; };
		A2F1A8E921A2D550006F208F /* ProfileTableViewController.swift in Sources */ = {isa = PBXBuildFile; fileRef = A2F1A8E821A2D550006F208F /* ProfileTableViewController.swift */; };
		A2FB10F2219C511800D4E0D8 /* LoginViewController.swift in Sources */ = {isa = PBXBuildFile; fileRef = A2FB10F1219C511800D4E0D8 /* LoginViewController.swift */; };
		A2FB10F4219C542B00D4E0D8 /* Utility.swift in Sources */ = {isa = PBXBuildFile; fileRef = A2FB10F3219C542B00D4E0D8 /* Utility.swift */; };
/* End PBXBuildFile section */

/* Begin PBXFileReference section */
		319A69BF85CB85AB0EA5FA58 /* Pods-CKCCApp.debug.xcconfig */ = {isa = PBXFileReference; includeInIndex = 1; lastKnownFileType = text.xcconfig; name = "Pods-CKCCApp.debug.xcconfig"; path = "Pods/Target Support Files/Pods-CKCCApp/Pods-CKCCApp.debug.xcconfig"; sourceTree = "<group>"; };
		9261395F2D03643B469C3B5B /* Pods-CKCCApp.release.xcconfig */ = {isa = PBXFileReference; includeInIndex = 1; lastKnownFileType = text.xcconfig; name = "Pods-CKCCApp.release.xcconfig"; path = "Pods/Target Support Files/Pods-CKCCApp/Pods-CKCCApp.release.xcconfig"; sourceTree = "<group>"; };
		A205374621AC0FA700432030 /* ContactViewController.swift */ = {isa = PBXFileReference; lastKnownFileType = sourcecode.swift; path = ContactViewController.swift; sourceTree = "<group>"; };
		A205374821AC103A00432030 /* MapViewController.swift */ = {isa = PBXFileReference; lastKnownFileType = sourcecode.swift; path = MapViewController.swift; sourceTree = "<group>"; };
		A20C9D46219993C0000F8DBC /* CKCCApp.app */ = {isa = PBXFileReference; explicitFileType = wrapper.application; includeInIndex = 0; path = CKCCApp.app; sourceTree = BUILT_PRODUCTS_DIR; };
		A20C9D49219993C0000F8DBC /* AppDelegate.swift */ = {isa = PBXFileReference; lastKnownFileType = sourcecode.swift; path = AppDelegate.swift; sourceTree = "<group>"; };
		A20C9D4B219993C0000F8DBC /* ViewController.swift */ = {isa = PBXFileReference; lastKnownFileType = sourcecode.swift; path = ViewController.swift; sourceTree = "<group>"; };
		A20C9D4E219993C0000F8DBC /* Base */ = {isa = PBXFileReference; lastKnownFileType = file.storyboard; name = Base; path = Base.lproj/Main.storyboard; sourceTree = "<group>"; };
		A20C9D50219993C0000F8DBC /* Assets.xcassets */ = {isa = PBXFileReference; lastKnownFileType = folder.assetcatalog; path = Assets.xcassets; sourceTree = "<group>"; };
		A20C9D53219993C0000F8DBC /* Base */ = {isa = PBXFileReference; lastKnownFileType = file.storyboard; name = Base; path = Base.lproj/LaunchScreen.storyboard; sourceTree = "<group>"; };
		A20C9D55219993C0000F8DBC /* Info.plist */ = {isa = PBXFileReference; lastKnownFileType = text.plist.xml; path = Info.plist; sourceTree = "<group>"; };
		A20C9D5B2199943C000F8DBC /* GoogleService-Info.plist */ = {isa = PBXFileReference; fileEncoding = 4; lastKnownFileType = text.plist.xml; path = "GoogleService-Info.plist"; sourceTree = "<group>"; };
		A20C9D5D2199981B000F8DBC /* EventTableViewCell.xib */ = {isa = PBXFileReference; fileEncoding = 4; lastKnownFileType = file.xib; path = EventTableViewCell.xib; sourceTree = "<group>"; };
		A20C9D5F21999829000F8DBC /* ApiResponse.swift */ = {isa = PBXFileReference; fileEncoding = 4; lastKnownFileType = sourcecode.swift; path = ApiResponse.swift; sourceTree = "<group>"; };
		A20C9D6021999829000F8DBC /* NewEventTableViewController.swift */ = {isa = PBXFileReference; fileEncoding = 4; lastKnownFileType = sourcecode.swift; path = NewEventTableViewController.swift; sourceTree = "<group>"; };
		A20C9D6121999829000F8DBC /* Event.swift */ = {isa = PBXFileReference; fileEncoding = 4; lastKnownFileType = sourcecode.swift; path = Event.swift; sourceTree = "<group>"; };
		A20C9D6221999829000F8DBC /* EventTableViewCell.swift */ = {isa = PBXFileReference; fileEncoding = 4; lastKnownFileType = sourcecode.swift; path = EventTableViewCell.swift; sourceTree = "<group>"; };
		A20C9D6321999829000F8DBC /* EventsTableViewController.swift */ = {isa = PBXFileReference; fileEncoding = 4; lastKnownFileType = sourcecode.swift; path = EventsTableViewController.swift; sourceTree = "<group>"; };
		A20C9D692199A928000F8DBC /* EventDetailViewController.swift */ = {isa = PBXFileReference; lastKnownFileType = sourcecode.swift; path = EventDetailViewController.swift; sourceTree = "<group>"; };
		A2F1A8E821A2D550006F208F /* ProfileTableViewController.swift */ = {isa = PBXFileReference; lastKnownFileType = sourcecode.swift; path = ProfileTableViewController.swift; sourceTree = "<group>"; };
		A2FB10F1219C511800D4E0D8 /* LoginViewController.swift */ = {isa = PBXFileReference; lastKnownFileType = sourcecode.swift; path = LoginViewController.swift; sourceTree = "<group>"; };
		A2FB10F3219C542B00D4E0D8 /* Utility.swift */ = {isa = PBXFileReference; lastKnownFileType = sourcecode.swift; path = Utility.swift; sourceTree = "<group>"; };
		EDE9FBDC2D5C4990E3886926 /* Pods_CKCCApp.framework */ = {isa = PBXFileReference; explicitFileType = wrapper.framework; includeInIndex = 0; path = Pods_CKCCApp.framework; sourceTree = BUILT_PRODUCTS_DIR; };
/* End PBXFileReference section */

/* Begin PBXFrameworksBuildPhase section */
		A20C9D43219993C0000F8DBC /* Frameworks */ = {
			isa = PBXFrameworksBuildPhase;
			buildActionMask = 2147483647;
			files = (
				9FE51640DB843C21BB9CC971 /* Pods_CKCCApp.framework in Frameworks */,
			);
			runOnlyForDeploymentPostprocessing = 0;
		};
/* End PBXFrameworksBuildPhase section */

/* Begin PBXGroup section */
		0F871A091F67C57CB468104D /* Frameworks */ = {
			isa = PBXGroup;
			children = (
				EDE9FBDC2D5C4990E3886926 /* Pods_CKCCApp.framework */,
			);
			name = Frameworks;
			sourceTree = "<group>";
		};
		A20C9D3D219993C0000F8DBC = {
			isa = PBXGroup;
			children = (
				A20C9D48219993C0000F8DBC /* CKCCApp */,
				A20C9D47219993C0000F8DBC /* Products */,
				B218FE6AE18162416098FE20 /* Pods */,
				0F871A091F67C57CB468104D /* Frameworks */,
			);
			sourceTree = "<group>";
		};
		A20C9D47219993C0000F8DBC /* Products */ = {
			isa = PBXGroup;
			children = (
				A20C9D46219993C0000F8DBC /* CKCCApp.app */,
			);
			name = Products;
			sourceTree = "<group>";
		};
		A20C9D48219993C0000F8DBC /* CKCCApp */ = {
			isa = PBXGroup;
			children = (
				A20C9D49219993C0000F8DBC /* AppDelegate.swift */,
				A20C9D4B219993C0000F8DBC /* ViewController.swift */,
				A20C9D4D219993C0000F8DBC /* Main.storyboard */,
				A20C9D50219993C0000F8DBC /* Assets.xcassets */,
				A20C9D52219993C0000F8DBC /* LaunchScreen.storyboard */,
				A20C9D55219993C0000F8DBC /* Info.plist */,
				A20C9D5B2199943C000F8DBC /* GoogleService-Info.plist */,
				A20C9D5D2199981B000F8DBC /* EventTableViewCell.xib */,
				A20C9D5F21999829000F8DBC /* ApiResponse.swift */,
				A20C9D6121999829000F8DBC /* Event.swift */,
				A20C9D6321999829000F8DBC /* EventsTableViewController.swift */,
				A20C9D6221999829000F8DBC /* EventTableViewCell.swift */,
				A20C9D6021999829000F8DBC /* NewEventTableViewController.swift */,
				A20C9D692199A928000F8DBC /* EventDetailViewController.swift */,
				A2FB10F1219C511800D4E0D8 /* LoginViewController.swift */,
				A2FB10F3219C542B00D4E0D8 /* Utility.swift */,
				A2F1A8E821A2D550006F208F /* ProfileTableViewController.swift */,
				A205374621AC0FA700432030 /* ContactViewController.swift */,
				A205374821AC103A00432030 /* MapViewController.swift */,
			);
			path = CKCCApp;
			sourceTree = "<group>";
		};
		B218FE6AE18162416098FE20 /* Pods */ = {
			isa = PBXGroup;
			children = (
				319A69BF85CB85AB0EA5FA58 /* Pods-CKCCApp.debug.xcconfig */,
				9261395F2D03643B469C3B5B /* Pods-CKCCApp.release.xcconfig */,
			);
			name = Pods;
			sourceTree = "<group>";
		};
/* End PBXGroup section */

/* Begin PBXNativeTarget section */
		A20C9D45219993C0000F8DBC /* CKCCApp */ = {
			isa = PBXNativeTarget;
			buildConfigurationList = A20C9D58219993C0000F8DBC /* Build configuration list for PBXNativeTarget "CKCCApp" */;
			buildPhases = (
				499DDCF14BBB14514057C5E5 /* [CP] Check Pods Manifest.lock */,
				A20C9D42219993C0000F8DBC /* Sources */,
				A20C9D43219993C0000F8DBC /* Frameworks */,
				A20C9D44219993C0000F8DBC /* Resources */,
				92AF4D81C8B742D68290C6B4 /* [CP] Embed Pods Frameworks */,
				F90CC6B166C4886BFD665B08 /* [CP] Copy Pods Resources */,
			);
			buildRules = (
			);
			dependencies = (
			);
			name = CKCCApp;
			productName = CKCCApp;
			productReference = A20C9D46219993C0000F8DBC /* CKCCApp.app */;
			productType = "com.apple.product-type.application";
		};
/* End PBXNativeTarget section */

/* Begin PBXProject section */
		A20C9D3E219993C0000F8DBC /* Project object */ = {
			isa = PBXProject;
			attributes = {
				LastSwiftUpdateCheck = 0920;
				LastUpgradeCheck = 0920;
				ORGANIZATIONNAME = "Cambodia-Korea Cooperation Center";
				TargetAttributes = {
					A20C9D45219993C0000F8DBC = {
						CreatedOnToolsVersion = 9.2;
						ProvisioningStyle = Automatic;
					};
				};
			};
			buildConfigurationList = A20C9D41219993C0000F8DBC /* Build configuration list for PBXProject "CKCCApp" */;
			compatibilityVersion = "Xcode 8.0";
			developmentRegion = en;
			hasScannedForEncodings = 0;
			knownRegions = (
				en,
				Base,
			);
			mainGroup = A20C9D3D219993C0000F8DBC;
			productRefGroup = A20C9D47219993C0000F8DBC /* Products */;
			projectDirPath = "";
			projectRoot = "";
			targets = (
				A20C9D45219993C0000F8DBC /* CKCCApp */,
			);
		};
/* End PBXProject section */

/* Begin PBXResourcesBuildPhase section */
		A20C9D44219993C0000F8DBC /* Resources */ = {
			isa = PBXResourcesBuildPhase;
			buildActionMask = 2147483647;
			files = (
				A20C9D5E2199981B000F8DBC /* EventTableViewCell.xib in Resources */,
				A20C9D54219993C0000F8DBC /* LaunchScreen.storyboard in Resources */,
				A20C9D5C2199943C000F8DBC /* GoogleService-Info.plist in Resources */,
				A20C9D51219993C0000F8DBC /* Assets.xcassets in Resources */,
				A20C9D4F219993C0000F8DBC /* Main.storyboard in Resources */,
			);
			runOnlyForDeploymentPostprocessing = 0;
		};
/* End PBXResourcesBuildPhase section */

/* Begin PBXShellScriptBuildPhase section */
		499DDCF14BBB14514057C5E5 /* [CP] Check Pods Manifest.lock */ = {
			isa = PBXShellScriptBuildPhase;
			buildActionMask = 2147483647;
			files = (
			);
			inputPaths = (
				"${PODS_PODFILE_DIR_PATH}/Podfile.lock",
				"${PODS_ROOT}/Manifest.lock",
			);
			name = "[CP] Check Pods Manifest.lock";
			outputPaths = (
				"$(DERIVED_FILE_DIR)/Pods-CKCCApp-checkManifestLockResult.txt",
			);
			runOnlyForDeploymentPostprocessing = 0;
			shellPath = /bin/sh;
			shellScript = "diff \"${PODS_PODFILE_DIR_PATH}/Podfile.lock\" \"${PODS_ROOT}/Manifest.lock\" > /dev/null\nif [ $? != 0 ] ; then\n    # print error to STDERR\n    echo \"error: The sandbox is not in sync with the Podfile.lock. Run 'pod install' or update your CocoaPods installation.\" >&2\n    exit 1\nfi\n# This output is used by Xcode 'outputs' to avoid re-running this script phase.\necho \"SUCCESS\" > \"${SCRIPT_OUTPUT_FILE_0}\"\n";
			showEnvVarsInLog = 0;
		};
		92AF4D81C8B742D68290C6B4 /* [CP] Embed Pods Frameworks */ = {
			isa = PBXShellScriptBuildPhase;
			buildActionMask = 2147483647;
			files = (
			);
			inputPaths = (
				"${SRCROOT}/Pods/Target Support Files/Pods-CKCCApp/Pods-CKCCApp-frameworks.sh",
				"${BUILT_PRODUCTS_DIR}/Bolts/Bolts.framework",
				"${BUILT_PRODUCTS_DIR}/BoringSSL/openssl.framework",
				"${BUILT_PRODUCTS_DIR}/FBSDKCoreKit/FBSDKCoreKit.framework",
				"${BUILT_PRODUCTS_DIR}/FBSDKLoginKit/FBSDKLoginKit.framework",
				"${BUILT_PRODUCTS_DIR}/GTMSessionFetcher/GTMSessionFetcher.framework",
				"${BUILT_PRODUCTS_DIR}/GoogleUtilities/GoogleUtilities.framework",
				"${BUILT_PRODUCTS_DIR}/Protobuf/Protobuf.framework",
				"${BUILT_PRODUCTS_DIR}/SDWebImage/SDWebImage.framework",
				"${BUILT_PRODUCTS_DIR}/gRPC/GRPCClient.framework",
				"${BUILT_PRODUCTS_DIR}/gRPC-C++/grpcpp.framework",
				"${BUILT_PRODUCTS_DIR}/gRPC-Core/grpc.framework",
				"${BUILT_PRODUCTS_DIR}/gRPC-ProtoRPC/ProtoRPC.framework",
				"${BUILT_PRODUCTS_DIR}/gRPC-RxLibrary/RxLibrary.framework",
				"${BUILT_PRODUCTS_DIR}/leveldb-library/leveldb.framework",
				"${BUILT_PRODUCTS_DIR}/nanopb/nanopb.framework",
			);
			name = "[CP] Embed Pods Frameworks";
			outputPaths = (
				"${TARGET_BUILD_DIR}/${FRAMEWORKS_FOLDER_PATH}/Bolts.framework",
				"${TARGET_BUILD_DIR}/${FRAMEWORKS_FOLDER_PATH}/openssl.framework",
				"${TARGET_BUILD_DIR}/${FRAMEWORKS_FOLDER_PATH}/FBSDKCoreKit.framework",
				"${TARGET_BUILD_DIR}/${FRAMEWORKS_FOLDER_PATH}/FBSDKLoginKit.framework",
				"${TARGET_BUILD_DIR}/${FRAMEWORKS_FOLDER_PATH}/GTMSessionFetcher.framework",
				"${TARGET_BUILD_DIR}/${FRAMEWORKS_FOLDER_PATH}/GoogleUtilities.framework",
				"${TARGET_BUILD_DIR}/${FRAMEWORKS_FOLDER_PATH}/Protobuf.framework",
				"${TARGET_BUILD_DIR}/${FRAMEWORKS_FOLDER_PATH}/SDWebImage.framework",
				"${TARGET_BUILD_DIR}/${FRAMEWORKS_FOLDER_PATH}/GRPCClient.framework",
				"${TARGET_BUILD_DIR}/${FRAMEWORKS_FOLDER_PATH}/grpcpp.framework",
				"${TARGET_BUILD_DIR}/${FRAMEWORKS_FOLDER_PATH}/grpc.framework",
				"${TARGET_BUILD_DIR}/${FRAMEWORKS_FOLDER_PATH}/ProtoRPC.framework",
				"${TARGET_BUILD_DIR}/${FRAMEWORKS_FOLDER_PATH}/RxLibrary.framework",
				"${TARGET_BUILD_DIR}/${FRAMEWORKS_FOLDER_PATH}/leveldb.framework",
				"${TARGET_BUILD_DIR}/${FRAMEWORKS_FOLDER_PATH}/nanopb.framework",
			);
			runOnlyForDeploymentPostprocessing = 0;
			shellPath = /bin/sh;
			shellScript = "\"${SRCROOT}/Pods/Target Support Files/Pods-CKCCApp/Pods-CKCCApp-frameworks.sh\"\n";
			showEnvVarsInLog = 0;
		};
		F90CC6B166C4886BFD665B08 /* [CP] Copy Pods Resources */ = {
			isa = PBXShellScriptBuildPhase;
			buildActionMask = 2147483647;
			files = (
			);
			inputPaths = (
				"${SRCROOT}/Pods/Target Support Files/Pods-CKCCApp/Pods-CKCCApp-resources.sh",
				"${PODS_ROOT}/GoogleMaps/Maps/Frameworks/GoogleMaps.framework/Resources/GoogleMaps.bundle",
			);
			name = "[CP] Copy Pods Resources";
			outputPaths = (
				"${TARGET_BUILD_DIR}/${UNLOCALIZED_RESOURCES_FOLDER_PATH}/GoogleMaps.bundle",
			);
			runOnlyForDeploymentPostprocessing = 0;
			shellPath = /bin/sh;
			shellScript = "\"${SRCROOT}/Pods/Target Support Files/Pods-CKCCApp/Pods-CKCCApp-resources.sh\"\n";
			showEnvVarsInLog = 0;
		};
/* End PBXShellScriptBuildPhase section */

/* Begin PBXSourcesBuildPhase section */
		A20C9D42219993C0000F8DBC /* Sources */ = {
			isa = PBXSourcesBuildPhase;
			buildActionMask = 2147483647;
			files = (
				A2FB10F4219C542B00D4E0D8 /* Utility.swift in Sources */,
				A2FB10F2219C511800D4E0D8 /* LoginViewController.swift in Sources */,
				A20C9D6721999829000F8DBC /* EventTableViewCell.swift in Sources */,
				A20C9D6821999829000F8DBC /* EventsTableViewController.swift in Sources */,
				A20C9D6421999829000F8DBC /* ApiResponse.swift in Sources */,
				A205374721AC0FA700432030 /* ContactViewController.swift in Sources */,
				A205374921AC103A00432030 /* MapViewController.swift in Sources */,
				A20C9D6521999829000F8DBC /* NewEventTableViewController.swift in Sources */,
				A20C9D4C219993C0000F8DBC /* ViewController.swift in Sources */,
				A20C9D4A219993C0000F8DBC /* AppDelegate.swift in Sources */,
				A20C9D6A2199A928000F8DBC /* EventDetailViewController.swift in Sources */,
				A2F1A8E921A2D550006F208F /* ProfileTableViewController.swift in Sources */,
				A20C9D6621999829000F8DBC /* Event.swift in Sources */,
			);
			runOnlyForDeploymentPostprocessing = 0;
		};
/* End PBXSourcesBuildPhase section */

/* Begin PBXVariantGroup section */
		A20C9D4D219993C0000F8DBC /* Main.storyboard */ = {
			isa = PBXVariantGroup;
			children = (
				A20C9D4E219993C0000F8DBC /* Base */,
			);
			name = Main.storyboard;
			sourceTree = "<group>";
		};
		A20C9D52219993C0000F8DBC /* LaunchScreen.storyboard */ = {
			isa = PBXVariantGroup;
			children = (
				A20C9D53219993C0000F8DBC /* Base */,
			);
			name = LaunchScreen.storyboard;
			sourceTree = "<group>";
		};
/* End PBXVariantGroup section */

/* Begin XCBuildConfiguration section */
		A20C9D56219993C0000F8DBC /* Debug */ = {
			isa = XCBuildConfiguration;
			buildSettings = {
				ALWAYS_SEARCH_USER_PATHS = NO;
				CLANG_ANALYZER_NONNULL = YES;
				CLANG_ANALYZER_NUMBER_OBJECT_CONVERSION = YES_AGGRESSIVE;
				CLANG_CXX_LANGUAGE_STANDARD = "gnu++14";
				CLANG_CXX_LIBRARY = "libc++";
				CLANG_ENABLE_MODULES = YES;
				CLANG_ENABLE_OBJC_ARC = YES;
				CLANG_WARN_BLOCK_CAPTURE_AUTORELEASING = YES;
				CLANG_WARN_BOOL_CONVERSION = YES;
				CLANG_WARN_COMMA = YES;
				CLANG_WARN_CONSTANT_CONVERSION = YES;
				CLANG_WARN_DIRECT_OBJC_ISA_USAGE = YES_ERROR;
				CLANG_WARN_DOCUMENTATION_COMMENTS = YES;
				CLANG_WARN_EMPTY_BODY = YES;
				CLANG_WARN_ENUM_CONVERSION = YES;
				CLANG_WARN_INFINITE_RECURSION = YES;
				CLANG_WARN_INT_CONVERSION = YES;
				CLANG_WARN_NON_LITERAL_NULL_CONVERSION = YES;
				CLANG_WARN_OBJC_LITERAL_CONVERSION = YES;
				CLANG_WARN_OBJC_ROOT_CLASS = YES_ERROR;
				CLANG_WARN_RANGE_LOOP_ANALYSIS = YES;
				CLANG_WARN_STRICT_PROTOTYPES = YES;
				CLANG_WARN_SUSPICIOUS_MOVE = YES;
				CLANG_WARN_UNGUARDED_AVAILABILITY = YES_AGGRESSIVE;
				CLANG_WARN_UNREACHABLE_CODE = YES;
				CLANG_WARN__DUPLICATE_METHOD_MATCH = YES;
				CODE_SIGN_IDENTITY = "iPhone Developer";
				COPY_PHASE_STRIP = NO;
				DEBUG_INFORMATION_FORMAT = dwarf;
				ENABLE_STRICT_OBJC_MSGSEND = YES;
				ENABLE_TESTABILITY = YES;
				GCC_C_LANGUAGE_STANDARD = gnu11;
				GCC_DYNAMIC_NO_PIC = NO;
				GCC_NO_COMMON_BLOCKS = YES;
				GCC_OPTIMIZATION_LEVEL = 0;
				GCC_PREPROCESSOR_DEFINITIONS = (
					"DEBUG=1",
					"$(inherited)",
				);
				GCC_WARN_64_TO_32_BIT_CONVERSION = YES;
				GCC_WARN_ABOUT_RETURN_TYPE = YES_ERROR;
				GCC_WARN_UNDECLARED_SELECTOR = YES;
				GCC_WARN_UNINITIALIZED_AUTOS = YES_AGGRESSIVE;
				GCC_WARN_UNUSED_FUNCTION = YES;
				GCC_WARN_UNUSED_VARIABLE = YES;
				IPHONEOS_DEPLOYMENT_TARGET = 11.2;
				MTL_ENABLE_DEBUG_INFO = YES;
				ONLY_ACTIVE_ARCH = YES;
				SDKROOT = iphoneos;
				SWIFT_ACTIVE_COMPILATION_CONDITIONS = DEBUG;
				SWIFT_OPTIMIZATION_LEVEL = "-Onone";
			};
			name = Debug;
		};
		A20C9D57219993C0000F8DBC /* Release */ = {
			isa = XCBuildConfiguration;
			buildSettings = {
				ALWAYS_SEARCH_USER_PATHS = NO;
				CLANG_ANALYZER_NONNULL = YES;
				CLANG_ANALYZER_NUMBER_OBJECT_CONVERSION = YES_AGGRESSIVE;
				CLANG_CXX_LANGUAGE_STANDARD = "gnu++14";
				CLANG_CXX_LIBRARY = "libc++";
				CLANG_ENABLE_MODULES = YES;
				CLANG_ENABLE_OBJC_ARC = YES;
				CLANG_WARN_BLOCK_CAPTURE_AUTORELEASING = YES;
				CLANG_WARN_BOOL_CONVERSION = YES;
				CLANG_WARN_COMMA = YES;
				CLANG_WARN_CONSTANT_CONVERSION = YES;
				CLANG_WARN_DIRECT_OBJC_ISA_USAGE = YES_ERROR;
				CLANG_WARN_DOCUMENTATION_COMMENTS = YES;
				CLANG_WARN_EMPTY_BODY = YES;
				CLANG_WARN_ENUM_CONVERSION = YES;
				CLANG_WARN_INFINITE_RECURSION = YES;
				CLANG_WARN_INT_CONVERSION = YES;
				CLANG_WARN_NON_LITERAL_NULL_CONVERSION = YES;
				CLANG_WARN_OBJC_LITERAL_CONVERSION = YES;
				CLANG_WARN_OBJC_ROOT_CLASS = YES_ERROR;
				CLANG_WARN_RANGE_LOOP_ANALYSIS = YES;
				CLANG_WARN_STRICT_PROTOTYPES = YES;
				CLANG_WARN_SUSPICIOUS_MOVE = YES;
				CLANG_WARN_UNGUARDED_AVAILABILITY = YES_AGGRESSIVE;
				CLANG_WARN_UNREACHABLE_CODE = YES;
				CLANG_WARN__DUPLICATE_METHOD_MATCH = YES;
				CODE_SIGN_IDENTITY = "iPhone Developer";
				COPY_PHASE_STRIP = NO;
				DEBUG_INFORMATION_FORMAT = "dwarf-with-dsym";
				ENABLE_NS_ASSERTIONS = NO;
				ENABLE_STRICT_OBJC_MSGSEND = YES;
				GCC_C_LANGUAGE_STANDARD = gnu11;
				GCC_NO_COMMON_BLOCKS = YES;
				GCC_WARN_64_TO_32_BIT_CONVERSION = YES;
				GCC_WARN_ABOUT_RETURN_TYPE = YES_ERROR;
				GCC_WARN_UNDECLARED_SELECTOR = YES;
				GCC_WARN_UNINITIALIZED_AUTOS = YES_AGGRESSIVE;
				GCC_WARN_UNUSED_FUNCTION = YES;
				GCC_WARN_UNUSED_VARIABLE = YES;
				IPHONEOS_DEPLOYMENT_TARGET = 11.2;
				MTL_ENABLE_DEBUG_INFO = NO;
				SDKROOT = iphoneos;
				SWIFT_OPTIMIZATION_LEVEL = "-Owholemodule";
				VALIDATE_PRODUCT = YES;
			};
			name = Release;
		};
		A20C9D59219993C0000F8DBC /* Debug */ = {
			isa = XCBuildConfiguration;
			baseConfigurationReference = 319A69BF85CB85AB0EA5FA58 /* Pods-CKCCApp.debug.xcconfig */;
			buildSettings = {
				ASSETCATALOG_COMPILER_APPICON_NAME = AppIcon;
				CODE_SIGN_STYLE = Automatic;
				INFOPLIST_FILE = CKCCApp/Info.plist;
				LD_RUNPATH_SEARCH_PATHS = "$(inherited) @executable_path/Frameworks";
				PRODUCT_BUNDLE_IDENTIFIER = kh.edu.rupp.ckcc.CKCCApp;
				PRODUCT_NAME = "$(TARGET_NAME)";
				SWIFT_VERSION = 4.0;
				TARGETED_DEVICE_FAMILY = "1,2";
			};
			name = Debug;
		};
		A20C9D5A219993C0000F8DBC /* Release */ = {
			isa = XCBuildConfiguration;
			baseConfigurationReference = 9261395F2D03643B469C3B5B /* Pods-CKCCApp.release.xcconfig */;
			buildSettings = {
				ASSETCATALOG_COMPILER_APPICON_NAME = AppIcon;
				CODE_SIGN_STYLE = Automatic;
				INFOPLIST_FILE = CKCCApp/Info.plist;
				LD_RUNPATH_SEARCH_PATHS = "$(inherited) @executable_path/Frameworks";
				PRODUCT_BUNDLE_IDENTIFIER = kh.edu.rupp.ckcc.CKCCApp;
				PRODUCT_NAME = "$(TARGET_NAME)";
				SWIFT_VERSION = 4.0;
				TARGETED_DEVICE_FAMILY = "1,2";
			};
			name = Release;
		};
/* End XCBuildConfiguration section */

/* Begin XCConfigurationList section */
		A20C9D41219993C0000F8DBC /* Build configuration list for PBXProject "CKCCApp" */ = {
			isa = XCConfigurationList;
			buildConfigurations = (
				A20C9D56219993C0000F8DBC /* Debug */,
				A20C9D57219993C0000F8DBC /* Release */,
			);
			defaultConfigurationIsVisible = 0;
			defaultConfigurationName = Release;
		};
		A20C9D58219993C0000F8DBC /* Build configuration list for PBXNativeTarget "CKCCApp" */ = {
			isa = XCConfigurationList;
			buildConfigurations = (
				A20C9D59219993C0000F8DBC /* Debug */,
				A20C9D5A219993C0000F8DBC /* Release */,
			);
			defaultConfigurationIsVisible = 0;
			defaultConfigurationName = Release;
		};
/* End XCConfigurationList section */
	};
	rootObject = A20C9D3E219993C0000F8DBC /* Project object */;
}
